Microsoft Visual Studio Solution File, Format Version 11.00
# Visual Studio 2008

Project("{0DA90363-8AFE-5D59-5E16-F1D563B944EF}") = "ArkanoidGame", "Assembly-CSharp.csproj", "{C94A4E24-3DFA-B795-1429-A10C1F28082A}"
EndProject
Global
	GlobalSection(SolutionConfigurationPlatforms) = preSolution
		Debug|Any CPU = Debug|Any CPU
		Release|Any CPU = Release|Any CPU
	EndGlobalSection
	GlobalSection(ProjectConfigurationPlatforms) = postSolution
		{C94A4E24-3DFA-B795-1429-A10C1F28082A}.Debug|Any CPU.ActiveCfg = Debug|Any CPU
		{C94A4E24-3DFA-B795-1429-A10C1F28082A}.Debug|Any CPU.Build.0 = Debug|Any CPU
		{C94A4E24-3DFA-B795-1429-A10C1F28082A}.Release|Any CPU.ActiveCfg = Release|Any CPU
		{C94A4E24-3DFA-B795-1429-A10C1F28082A}.Release|Any CPU.Build.0 = Release|Any CPU
	EndGlobalSection
	GlobalSection(SolutionProperties) = preSolution
		HideSolutionNode = FALSE
	EndGlobalSection
										GlobalSection(MonoDevelopProperties) = preSolution
		StartupItem = Assembly-CSharp.csproj
	EndGlobalSection

EndGlobal
